Microsoft Visual Studio Solution File, Format Version 12.00
# Visual Studio Version 17
VisualStudioVersion = 17.5.2.0
MinimumVisualStudioVersion = 10.0.40219.1
Project("{FAE04EC0-301F-11D3-BF4B-00C04F79EFBC}") = "SetApp", "SetApp.csproj", "{01045A4A-A70E-6BE2-A298-6BA9DD34B256}"
EndProject
Global
	GlobalSection(SolutionConfigurationPlatforms) = preSolution
		Debug|Any CPU = Debug|Any CPU
		Release|Any CPU = Release|Any CPU
	EndGlobalSection
	GlobalSection(ProjectConfigurationPlatforms) = postSolution
		{01045A4A-A70E-6BE2-A298-6BA9DD34B256}.Debug|Any CPU.ActiveCfg = Debug|Any CPU
		{01045A4A-A70E-6BE2-A298-6BA9DD34B256}.Debug|Any CPU.Build.0 = Debug|Any CPU
		{01045A4A-A70E-6BE2-A298-6BA9DD34B256}.Release|Any CPU.ActiveCfg = Release|Any CPU
		{01045A4A-A70E-6BE2-A298-6BA9DD34B256}.Release|Any CPU.Build.0 = Release|Any CPU
	EndGlobalSection
	GlobalSection(SolutionProperties) = preSolution
		HideSolutionNode = FALSE
	EndGlobalSection
	GlobalSection(ExtensibilityGlobals) = postSolution
		SolutionGuid = {F1497E90-35F7-475B-98BC-8FF1F4602741}
	EndGlobalSection
EndGlobal
